
Microsoft Visual Studio Solution File, Format Version 12.00
# Visual Studio 15
VisualStudioVersion = 15.0.27130.2027
MinimumVisualStudioVersion = 10.0.40219.1
Project("{FAE04EC0-301F-11D3-BF4B-00C04F79EFBC}") = "MeetGroup_ReservaSalas", "MeetGroup_ReservaSalas\MeetGroup_ReservaSalas.csproj", "{9FCC4EED-CEF3-4AE5-8D89-2FEE008A306C}"
EndProject
Global
	GlobalSection(SolutionConfigurationPlatforms) = preSolution
		Debug|Any CPU = Debug|Any CPU
		Release|Any CPU = Release|Any CPU
	EndGlobalSection
	GlobalSection(ProjectConfigurationPlatforms) = postSolution
		{9FCC4EED-CEF3-4AE5-8D89-2FEE008A306C}.Debug|Any CPU.ActiveCfg = Debug|Any CPU
		{9FCC4EED-CEF3-4AE5-8D89-2FEE008A306C}.Debug|Any CPU.Build.0 = Debug|Any CPU
		{9FCC4EED-CEF3-4AE5-8D89-2FEE008A306C}.Release|Any CPU.ActiveCfg = Release|Any CPU
		{9FCC4EED-CEF3-4AE5-8D89-2FEE008A306C}.Release|Any CPU.Build.0 = Release|Any CPU
	EndGlobalSection
	GlobalSection(SolutionProperties) = preSolution
		HideSolutionNode = FALSE
	EndGlobalSection
	GlobalSection(ExtensibilityGlobals) = postSolution
		SolutionGuid = {024F3DB3-8037-4EEC-BD48-5D213950ECE9}
	EndGlobalSection
EndGlobal
